{
  "version": 4,
  "terraform_version": "1.9.7",
  "serial": 444,
  "lineage": "3e097bd2-3856-0c6b-7892-c2e8f93e5f43",
  "outputs": {},
  "resources": [
    {
      "mode": "managed",
      "type": "azurerm_lb",
      "name": "coderco_lb",
      "provider": "provider[\"registry.terraform.io/hashicorp/azurerm\"]",
      "instances": [
        {
          "schema_version": 0,
          "attributes": {
            "edge_zone": "",
            "frontend_ip_configuration": [
              {
                "gateway_load_balancer_frontend_ip_configuration_id": "",
                "id": "/subscriptions/4334ca2a-df73-457e-abb8-063f0a4a800c/resourceGroups/coderco-tech-test/providers/Microsoft.Network/loadBalancers/coderco-lb/frontendIPConfigurations/coderco-lb-fe",
                "inbound_nat_rules": [],
                "load_balancer_rules": [
                  "/subscriptions/4334ca2a-df73-457e-abb8-063f0a4a800c/resourceGroups/coderco-tech-test/providers/Microsoft.Network/loadBalancers/coderco-lb/loadBalancingRules/http-rule"
                ],
                "name": "coderco-lb-fe",
                "outbound_rules": [],
                "private_ip_address": "",
                "private_ip_address_allocation": "Dynamic",
                "private_ip_address_version": "",
                "public_ip_address_id": "/subscriptions/4334ca2a-df73-457e-abb8-063f0a4a800c/resourceGroups/coderco-tech-test/providers/Microsoft.Network/publicIPAddresses/coderco-public-ip",
                "public_ip_prefix_id": "",
                "subnet_id": "",
                "zones": []
              }
            ],
            "id": "/subscriptions/4334ca2a-df73-457e-abb8-063f0a4a800c/resourceGroups/coderco-tech-test/providers/Microsoft.Network/loadBalancers/coderco-lb",
            "location": "uksouth",
            "name": "coderco-lb",
            "private_ip_address": "",
            "private_ip_addresses": [],
            "resource_group_name": "coderco-tech-test",
            "sku": "Basic",
            "sku_tier": "Regional",
            "tags": {},
            "timeouts": null
          },
          "sensitive_attributes": [],
          "private": "eyJlMmJmYjczMC1lY2FhLTExZTYtOGY4OC0zNDM2M2JjN2M0YzAiOnsiY3JlYXRlIjoxODAwMDAwMDAwMDAwLCJkZWxldGUiOjE4MDAwMDAwMDAwMDAsInJlYWQiOjMwMDAwMDAwMDAwMCwidXBkYXRlIjoxODAwMDAwMDAwMDAwfX0=",
          "dependencies": [
            "azurerm_public_ip.coderco_pub_ip",
            "azurerm_resource_group.coderco"
          ]
        }
      ]
    },
    {
      "mode": "managed",
      "type": "azurerm_lb_backend_address_pool",
      "name": "coderco_backend_pool",
      "provider": "provider[\"registry.terraform.io/hashicorp/azurerm\"]",
      "instances": [
        {
          "schema_version": 0,
          "attributes": {
            "backend_ip_configurations": [
              "/subscriptions/4334ca2a-df73-457e-abb8-063f0a4a800c/resourceGroups/coderco-tech-test/providers/Microsoft.Compute/virtualMachineScaleSets/coderco-vmss/virtualMachines/0/networkInterfaces/coderco-nic/ipConfigurations/coderco-ipconfig",
              "/subscriptions/4334ca2a-df73-457e-abb8-063f0a4a800c/resourceGroups/coderco-tech-test/providers/Microsoft.Compute/virtualMachineScaleSets/coderco-vmss/virtualMachines/1/networkInterfaces/coderco-nic/ipConfigurations/coderco-ipconfig"
            ],
            "id": "/subscriptions/4334ca2a-df73-457e-abb8-063f0a4a800c/resourceGroups/coderco-tech-test/providers/Microsoft.Network/loadBalancers/coderco-lb/backendAddressPools/coderco-backend-pool",
            "inbound_nat_rules": [],
            "load_balancing_rules": [
              "/subscriptions/4334ca2a-df73-457e-abb8-063f0a4a800c/resourceGroups/coderco-tech-test/providers/Microsoft.Network/loadBalancers/coderco-lb/loadBalancingRules/http-rule"
            ],
            "loadbalancer_id": "/subscriptions/4334ca2a-df73-457e-abb8-063f0a4a800c/resourceGroups/coderco-tech-test/providers/Microsoft.Network/loadBalancers/coderco-lb",
            "name": "coderco-backend-pool",
            "outbound_rules": [],
            "synchronous_mode": "",
            "timeouts": null,
            "tunnel_interface": [],
            "virtual_network_id": ""
          },
          "sensitive_attributes": [],
          "private": "eyJlMmJmYjczMC1lY2FhLTExZTYtOGY4OC0zNDM2M2JjN2M0YzAiOnsiY3JlYXRlIjoxODAwMDAwMDAwMDAwLCJkZWxldGUiOjE4MDAwMDAwMDAwMDAsInJlYWQiOjMwMDAwMDAwMDAwMCwidXBkYXRlIjoxODAwMDAwMDAwMDAwfX0=",
          "dependencies": [
            "azurerm_lb.coderco_lb",
            "azurerm_public_ip.coderco_pub_ip",
            "azurerm_resource_group.coderco"
          ]
        }
      ]
    },
    {
      "mode": "managed",
      "type": "azurerm_lb_probe",
      "name": "coderco_lb_probe",
      "provider": "provider[\"registry.terraform.io/hashicorp/azurerm\"]",
      "instances": [
        {
          "schema_version": 0,
          "attributes": {
            "id": "/subscriptions/4334ca2a-df73-457e-abb8-063f0a4a800c/resourceGroups/coderco-tech-test/providers/Microsoft.Network/loadBalancers/coderco-lb/probes/http-probe",
            "interval_in_seconds": 15,
            "load_balancer_rules": [
              "/subscriptions/4334ca2a-df73-457e-abb8-063f0a4a800c/resourceGroups/coderco-tech-test/providers/Microsoft.Network/loadBalancers/coderco-lb/loadBalancingRules/http-rule"
            ],
            "loadbalancer_id": "/subscriptions/4334ca2a-df73-457e-abb8-063f0a4a800c/resourceGroups/coderco-tech-test/providers/Microsoft.Network/loadBalancers/coderco-lb",
            "name": "http-probe",
            "number_of_probes": 2,
            "port": 80,
            "probe_threshold": 1,
            "protocol": "Http",
            "request_path": "/",
            "timeouts": null
          },
          "sensitive_attributes": [],
          "private": "eyJlMmJmYjczMC1lY2FhLTExZTYtOGY4OC0zNDM2M2JjN2M0YzAiOnsiY3JlYXRlIjoxODAwMDAwMDAwMDAwLCJkZWxldGUiOjE4MDAwMDAwMDAwMDAsInJlYWQiOjMwMDAwMDAwMDAwMCwidXBkYXRlIjoxODAwMDAwMDAwMDAwfX0=",
          "dependencies": [
            "azurerm_lb.coderco_lb",
            "azurerm_public_ip.coderco_pub_ip",
            "azurerm_resource_group.coderco"
          ]
        }
      ]
    },
    {
      "mode": "managed",
      "type": "azurerm_lb_rule",
      "name": "coderco_lb_rule",
      "provider": "provider[\"registry.terraform.io/hashicorp/azurerm\"]",
      "instances": [
        {
          "schema_version": 0,
          "attributes": {
            "backend_address_pool_ids": [
              "/subscriptions/4334ca2a-df73-457e-abb8-063f0a4a800c/resourceGroups/coderco-tech-test/providers/Microsoft.Network/loadBalancers/coderco-lb/backendAddressPools/coderco-backend-pool"
            ],
            "backend_port": 80,
            "disable_outbound_snat": false,
            "enable_floating_ip": false,
            "enable_tcp_reset": false,
            "frontend_ip_configuration_id": "/subscriptions/4334ca2a-df73-457e-abb8-063f0a4a800c/resourceGroups/coderco-tech-test/providers/Microsoft.Network/loadBalancers/coderco-lb/frontendIPConfigurations/coderco-lb-fe",
            "frontend_ip_configuration_name": "coderco-lb-fe",
            "frontend_port": 80,
            "id": "/subscriptions/4334ca2a-df73-457e-abb8-063f0a4a800c/resourceGroups/coderco-tech-test/providers/Microsoft.Network/loadBalancers/coderco-lb/loadBalancingRules/http-rule",
            "idle_timeout_in_minutes": 4,
            "load_distribution": "Default",
            "loadbalancer_id": "/subscriptions/4334ca2a-df73-457e-abb8-063f0a4a800c/resourceGroups/coderco-tech-test/providers/Microsoft.Network/loadBalancers/coderco-lb",
            "name": "http-rule",
            "probe_id": "/subscriptions/4334ca2a-df73-457e-abb8-063f0a4a800c/resourceGroups/coderco-tech-test/providers/Microsoft.Network/loadBalancers/coderco-lb/probes/http-probe",
            "protocol": "Tcp",
            "timeouts": null
          },
          "sensitive_attributes": [],
          "private": "eyJlMmJmYjczMC1lY2FhLTExZTYtOGY4OC0zNDM2M2JjN2M0YzAiOnsiY3JlYXRlIjoxODAwMDAwMDAwMDAwLCJkZWxldGUiOjE4MDAwMDAwMDAwMDAsInJlYWQiOjMwMDAwMDAwMDAwMCwidXBkYXRlIjoxODAwMDAwMDAwMDAwfX0=",
          "dependencies": [
            "azurerm_lb.coderco_lb",
            "azurerm_lb_backend_address_pool.coderco_backend_pool",
            "azurerm_lb_probe.coderco_lb_probe",
            "azurerm_public_ip.coderco_pub_ip",
            "azurerm_resource_group.coderco"
          ]
        }
      ]
    },
    {
      "mode": "managed",
      "type": "azurerm_public_ip",
      "name": "coderco_pub_ip",
      "provider": "provider[\"registry.terraform.io/hashicorp/azurerm\"]",
      "instances": [
        {
          "schema_version": 0,
          "attributes": {
            "allocation_method": "Dynamic",
            "ddos_protection_mode": "VirtualNetworkInherited",
            "ddos_protection_plan_id": null,
            "domain_name_label": null,
            "domain_name_label_scope": null,
            "edge_zone": "",
            "fqdn": null,
            "id": "/subscriptions/4334ca2a-df73-457e-abb8-063f0a4a800c/resourceGroups/coderco-tech-test/providers/Microsoft.Network/publicIPAddresses/coderco-public-ip",
            "idle_timeout_in_minutes": 4,
            "ip_address": "20.68.217.79",
            "ip_tags": {},
            "ip_version": "IPv4",
            "location": "uksouth",
            "name": "coderco-public-ip",
            "public_ip_prefix_id": null,
            "resource_group_name": "coderco-tech-test",
            "reverse_fqdn": null,
            "sku": "Basic",
            "sku_tier": "Regional",
            "tags": {},
            "timeouts": null,
            "zones": []
          },
          "sensitive_attributes": [],
          "private": "eyJlMmJmYjczMC1lY2FhLTExZTYtOGY4OC0zNDM2M2JjN2M0YzAiOnsiY3JlYXRlIjoxODAwMDAwMDAwMDAwLCJkZWxldGUiOjE4MDAwMDAwMDAwMDAsInJlYWQiOjMwMDAwMDAwMDAwMCwidXBkYXRlIjoxODAwMDAwMDAwMDAwfX0=",
          "dependencies": [
            "azurerm_resource_group.coderco"
          ]
        }
      ]
    },
    {
      "mode": "managed",
      "type": "azurerm_resource_group",
      "name": "coderco",
      "provider": "provider[\"registry.terraform.io/hashicorp/azurerm\"]",
      "instances": [
        {
          "schema_version": 0,
          "attributes": {
            "id": "/subscriptions/4334ca2a-df73-457e-abb8-063f0a4a800c/resourceGroups/coderco-tech-test",
            "location": "uksouth",
            "managed_by": "",
            "name": "coderco-tech-test",
            "tags": {},
            "timeouts": null
          },
          "sensitive_attributes": [],
          "private": "eyJlMmJmYjczMC1lY2FhLTExZTYtOGY4OC0zNDM2M2JjN2M0YzAiOnsiY3JlYXRlIjo1NDAwMDAwMDAwMDAwLCJkZWxldGUiOjU0MDAwMDAwMDAwMDAsInJlYWQiOjMwMDAwMDAwMDAwMCwidXBkYXRlIjo1NDAwMDAwMDAwMDAwfX0="
        }
      ]
    }
  ],
  "check_results": null
}
